
Microsoft Visual Studio Solution File, Format Version 12.00
# Visual Studio Version 17
VisualStudioVersion = 17.9.34616.47
MinimumVisualStudioVersion = 10.0.40219.1
Project("{FAE04EC0-301F-11D3-BF4B-00C04F79EFBC}") = "CSVtoXLSX", "CSVtoXLSX\CSVtoXLSX.csproj", "{F6D67547-E1B8-4C87-835B-CFB04A2B98B4}"
EndProject
Global
	GlobalSection(SolutionConfigurationPlatforms) = preSolution
		Debug|Any CPU = Debug|Any CPU
		Release|Any CPU = Release|Any CPU
	EndGlobalSection
	GlobalSection(ProjectConfigurationPlatforms) = postSolution
		{F6D67547-E1B8-4C87-835B-CFB04A2B98B4}.Debug|Any CPU.ActiveCfg = Debug|Any CPU
		{F6D67547-E1B8-4C87-835B-CFB04A2B98B4}.Debug|Any CPU.Build.0 = Debug|Any CPU
		{F6D67547-E1B8-4C87-835B-CFB04A2B98B4}.Release|Any CPU.ActiveCfg = Release|Any CPU
		{F6D67547-E1B8-4C87-835B-CFB04A2B98B4}.Release|Any CPU.Build.0 = Release|Any CPU
	EndGlobalSection
	GlobalSection(SolutionProperties) = preSolution
		HideSolutionNode = FALSE
	EndGlobalSection
	GlobalSection(ExtensibilityGlobals) = postSolution
		SolutionGuid = {B62B6B39-09FB-4140-8EEA-7D2A01583D87}
	EndGlobalSection
EndGlobal
